
Microsoft Visual Studio Solution File, Format Version 12.00
# Visual Studio Version 17
VisualStudioVersion = 17.1.32228.430
MinimumVisualStudioVersion = 10.0.40219.1
Project("{FAE04EC0-301F-11D3-BF4B-00C04F79EFBC}") = "DuplicateCities", "DuplicateCities.csproj", "{04B6307F-C0B5-4A50-A781-0850852864F7}"
EndProject
Global
	GlobalSection(SolutionConfigurationPlatforms) = preSolution
		Debug|Any CPU = Debug|Any CPU
		Release|Any CPU = Release|Any CPU
	EndGlobalSection
	GlobalSection(ProjectConfigurationPlatforms) = postSolution
		{04B6307F-C0B5-4A50-A781-0850852864F7}.Debug|Any CPU.ActiveCfg = Debug|Any CPU
		{04B6307F-C0B5-4A50-A781-0850852864F7}.Debug|Any CPU.Build.0 = Debug|Any CPU
		{04B6307F-C0B5-4A50-A781-0850852864F7}.Release|Any CPU.ActiveCfg = Release|Any CPU
		{04B6307F-C0B5-4A50-A781-0850852864F7}.Release|Any CPU.Build.0 = Release|Any CPU
	EndGlobalSection
	GlobalSection(SolutionProperties) = preSolution
		HideSolutionNode = FALSE
	EndGlobalSection
	GlobalSection(ExtensibilityGlobals) = postSolution
		SolutionGuid = {140745A3-6BBB-4D33-A8E0-A5DE8F90FAC6}
	EndGlobalSection
EndGlobal
